{
  "version": 4,
  "terraform_version": "1.5.7",
  "serial": 7,
  "lineage": "a0596410-fba7-0fbc-b268-5b191900fcbf",
  "outputs": {},
  "resources": [
    {
      "mode": "managed",
      "type": "cloudflare_pages_project",
      "name": "deployment_configs",
      "provider": "provider[\"registry.terraform.io/cloudflare/cloudflare\"]",
      "instances": [
        {
          "schema_version": 0,
          "attributes": {
            "account_id": "5eb48ee94d0e68303e7e386653a1f6cf",
            "build_config": [
              {
                "build_command": "npx @cloudflare/next-on-pages@1",
                "destination_dir": ".vercel/output/static",
                "root_dir": "frontend",
                "web_analytics_tag": "",
                "web_analytics_token": ""
              }
            ],
            "created_on": "2023-11-25T23:13:01Z",
            "deployment_configs": [
              {
                "preview": [
                  {
                    "always_use_latest_compatibility_date": false,
                    "compatibility_date": "2023-11-25",
                    "compatibility_flags": [
                      "nodejs_compat"
                    ],
                    "d1_databases": {},
                    "durable_object_namespaces": {},
                    "environment_variables": {
                      "ENVIRONMENT": "preview"
                    },
                    "fail_open": false,
                    "kv_namespaces": {},
                    "placement": [
                      {
                        "mode": ""
                      }
                    ],
                    "r2_buckets": {},
                    "secrets": {},
                    "service_binding": [],
                    "usage_model": "bundled"
                  }
                ],
                "production": [
                  {
                    "always_use_latest_compatibility_date": false,
                    "compatibility_date": "2023-11-25",
                    "compatibility_flags": [
                      "nodejs_compat"
                    ],
                    "d1_databases": {},
                    "durable_object_namespaces": {},
                    "environment_variables": {
                      "ENVIRONMENT": "production"
                    },
                    "fail_open": false,
                    "kv_namespaces": {},
                    "placement": [
                      {
                        "mode": ""
                      }
                    ],
                    "r2_buckets": {},
                    "secrets": {},
                    "service_binding": [],
                    "usage_model": "bundled"
                  }
                ]
              }
            ],
            "domains": [
              "dsreview.pages.dev"
            ],
            "id": "dsreview",
            "name": "dsreview",
            "production_branch": "main",
            "source": [
              {
                "config": [
                  {
                    "deployments_enabled": true,
                    "owner": "robords",
                    "pr_comments_enabled": true,
                    "preview_branch_excludes": [
                      "main",
                      "prod"
                    ],
                    "preview_branch_includes": [
                      "dev",
                      "preview"
                    ],
                    "preview_deployment_setting": "custom",
                    "production_branch": "main",
                    "production_deployment_enabled": true,
                    "repo_name": "dsReview"
                  }
                ],
                "type": "github"
              }
            ],
            "subdomain": "dsreview.pages.dev"
          },
          "sensitive_attributes": [
            [
              {
                "type": "get_attr",
                "value": "account_id"
              }
            ]
          ],
          "private": "bnVsbA=="
        }
      ]
    }
  ],
  "check_results": null
}
